// !$*UTF8*$!
{
	archiveVersion = 1;
	classes = {
	};
	objectVersion = 56;
	objects = {

/* Begin PBXBuildFile section */
		DEADE55829DE63C200AFA659 /* warmUpPageView.swift in Sources */ = {isa = PBXBuildFile; fileRef = DEADE55729DE63C200AFA659 /* warmUpPageView.swift */; };
		DEDDD2E929D2B74200BBD523 /* FitnessAppApp.swift in Sources */ = {isa = PBXBuildFile; fileRef = DEDDD2E829D2B74200BBD523 /* FitnessAppApp.swift */; };
		DEDDD2EB29D2B74200BBD523 /* FirstLaunchView.swift in Sources */ = {isa = PBXBuildFile; fileRef = DEDDD2EA29D2B74200BBD523 /* FirstLaunchView.swift */; };
		DEDDD2ED29D2B74300BBD523 /* Assets.xcassets in Resources */ = {isa = PBXBuildFile; fileRef = DEDDD2EC29D2B74300BBD523 /* Assets.xcassets */; };
		DEDDD2F029D2B74300BBD523 /* Preview Assets.xcassets in Resources */ = {isa = PBXBuildFile; fileRef = DEDDD2EF29D2B74300BBD523 /* Preview Assets.xcassets */; };
		DEDDD2F729D2B9FB00BBD523 /* HomePageView.swift in Sources */ = {isa = PBXBuildFile; fileRef = DEDDD2F629D2B9FB00BBD523 /* HomePageView.swift */; };
		DEE3D41A2A0B524400C8B273 /* FirebaseAnalytics in Frameworks */ = {isa = PBXBuildFile; productRef = DEE3D4192A0B524400C8B273 /* FirebaseAnalytics */; };
		DEE3D41C2A0B524400C8B273 /* FirebaseAuth in Frameworks */ = {isa = PBXBuildFile; productRef = DEE3D41B2A0B524400C8B273 /* FirebaseAuth */; };
		DEE3D41E2A0B524400C8B273 /* FirebaseFirestore in Frameworks */ = {isa = PBXBuildFile; productRef = DEE3D41D2A0B524400C8B273 /* FirebaseFirestore */; };
		DEE3D4232A0B566C00C8B273 /* FirebaseAnalyticsSwift in Frameworks */ = {isa = PBXBuildFile; productRef = DEE3D4222A0B566C00C8B273 /* FirebaseAnalyticsSwift */; };
		DEE3D42C2A0B5B0000C8B273 /* GoogleService-Info.plist in Resources */ = {isa = PBXBuildFile; fileRef = DEE3D42B2A0B5B0000C8B273 /* GoogleService-Info.plist */; };
/* End PBXBuildFile section */

/* Begin PBXFileReference section */
		DEADE55729DE63C200AFA659 /* warmUpPageView.swift */ = {isa = PBXFileReference; lastKnownFileType = sourcecode.swift; path = warmUpPageView.swift; sourceTree = "<group>"; };
		DEDDD2E529D2B74200BBD523 /* FitnessApp.app */ = {isa = PBXFileReference; explicitFileType = wrapper.application; includeInIndex = 0; path = FitnessApp.app; sourceTree = BUILT_PRODUCTS_DIR; };
		DEDDD2E829D2B74200BBD523 /* FitnessAppApp.swift */ = {isa = PBXFileReference; lastKnownFileType = sourcecode.swift; path = FitnessAppApp.swift; sourceTree = "<group>"; };
		DEDDD2EA29D2B74200BBD523 /* FirstLaunchView.swift */ = {isa = PBXFileReference; lastKnownFileType = sourcecode.swift; path = FirstLaunchView.swift; sourceTree = "<group>"; };
		DEDDD2EC29D2B74300BBD523 /* Assets.xcassets */ = {isa = PBXFileReference; lastKnownFileType = folder.assetcatalog; path = Assets.xcassets; sourceTree = "<group>"; };
		DEDDD2EF29D2B74300BBD523 /* Preview Assets.xcassets */ = {isa = PBXFileReference; lastKnownFileType = folder.assetcatalog; path = "Preview Assets.xcassets"; sourceTree = "<group>"; };
		DEDDD2F629D2B9FB00BBD523 /* HomePageView.swift */ = {isa = PBXFileReference; lastKnownFileType = sourcecode.swift; path = HomePageView.swift; sourceTree = "<group>"; };
		DEE3D42B2A0B5B0000C8B273 /* GoogleService-Info.plist */ = {isa = PBXFileReference; fileEncoding = 4; lastKnownFileType = text.plist.xml; path = "GoogleService-Info.plist"; sourceTree = "<group>"; };
/* End PBXFileReference section */

/* Begin PBXFrameworksBuildPhase section */
		DEDDD2E229D2B74200BBD523 /* Frameworks */ = {
			isa = PBXFrameworksBuildPhase;
			buildActionMask = 2147483647;
			files = (
				DEE3D4232A0B566C00C8B273 /* FirebaseAnalyticsSwift in Frameworks */,
				DEE3D41A2A0B524400C8B273 /* FirebaseAnalytics in Frameworks */,
				DEE3D41C2A0B524400C8B273 /* FirebaseAuth in Frameworks */,
				DEE3D41E2A0B524400C8B273 /* FirebaseFirestore in Frameworks */,
			);
			runOnlyForDeploymentPostprocessing = 0;
		};
/* End PBXFrameworksBuildPhase section */

/* Begin PBXGroup section */
		DEDDD2DC29D2B74100BBD523 = {
			isa = PBXGroup;
			children = (
				DEDDD2E729D2B74200BBD523 /* FitnessApp */,
				DEDDD2E629D2B74200BBD523 /* Products */,
				DEE3D4212A0B566C00C8B273 /* Frameworks */,
			);
			sourceTree = "<group>";
		};
		DEDDD2E629D2B74200BBD523 /* Products */ = {
			isa = PBXGroup;
			children = (
				DEDDD2E529D2B74200BBD523 /* FitnessApp.app */,
			);
			name = Products;
			sourceTree = "<group>";
		};
		DEDDD2E729D2B74200BBD523 /* FitnessApp */ = {
			isa = PBXGroup;
			children = (
				DEDDD2E829D2B74200BBD523 /* FitnessAppApp.swift */,
				DEDDD2EA29D2B74200BBD523 /* FirstLaunchView.swift */,
				DEDDD2F629D2B9FB00BBD523 /* HomePageView.swift */,
				DEADE55729DE63C200AFA659 /* warmUpPageView.swift */,
				DEE3D42B2A0B5B0000C8B273 /* GoogleService-Info.plist */,
				DEDDD2EC29D2B74300BBD523 /* Assets.xcassets */,
				DEDDD2EE29D2B74300BBD523 /* Preview Content */,
			);
			path = FitnessApp;
			sourceTree = "<group>";
		};
		DEDDD2EE29D2B74300BBD523 /* Preview Content */ = {
			isa = PBXGroup;
			children = (
				DEDDD2EF29D2B74300BBD523 /* Preview Assets.xcassets */,
			);
			path = "Preview Content";
			sourceTree = "<group>";
		};
		DEE3D4212A0B566C00C8B273 /* Frameworks */ = {
			isa = PBXGroup;
			children = (
			);
			name = Frameworks;
			sourceTree = "<group>";
		};
/* End PBXGroup section */

/* Begin PBXNativeTarget section */
		DEDDD2E429D2B74200BBD523 /* FitnessApp */ = {
			isa = PBXNativeTarget;
			buildConfigurationList = DEDDD2F329D2B74300BBD523 /* Build configuration list for PBXNativeTarget "FitnessApp" */;
			buildPhases = (
				DEDDD2E129D2B74200BBD523 /* Sources */,
				DEDDD2E229D2B74200BBD523 /* Frameworks */,
				DEDDD2E329D2B74200BBD523 /* Resources */,
			);
			buildRules = (
			);
			dependencies = (
			);
			name = FitnessApp;
			packageProductDependencies = (
				DEE3D4192A0B524400C8B273 /* FirebaseAnalytics */,
				DEE3D41B2A0B524400C8B273 /* FirebaseAuth */,
				DEE3D41D2A0B524400C8B273 /* FirebaseFirestore */,
				DEE3D4222A0B566C00C8B273 /* FirebaseAnalyticsSwift */,
			);
			productName = FitnessApp;
			productReference = DEDDD2E529D2B74200BBD523 /* FitnessApp.app */;
			productType = "com.apple.product-type.application";
		};
/* End PBXNativeTarget section */

/* Begin PBXProject section */
		DEDDD2DD29D2B74100BBD523 /* Project object */ = {
			isa = PBXProject;
			attributes = {
				BuildIndependentTargetsInParallel = 1;
				LastSwiftUpdateCheck = 1420;
				LastUpgradeCheck = 1420;
				TargetAttributes = {
					DEDDD2E429D2B74200BBD523 = {
						CreatedOnToolsVersion = 14.2;
					};
				};
			};
			buildConfigurationList = DEDDD2E029D2B74100BBD523 /* Build configuration list for PBXProject "FitnessApp" */;
			compatibilityVersion = "Xcode 14.0";
			developmentRegion = en;
			hasScannedForEncodings = 0;
			knownRegions = (
				en,
				Base,
			);
			mainGroup = DEDDD2DC29D2B74100BBD523;
			packageReferences = (
				DEE3D4182A0B524300C8B273 /* XCRemoteSwiftPackageReference "firebase-ios-sdk" */,
			);
			productRefGroup = DEDDD2E629D2B74200BBD523 /* Products */;
			projectDirPath = "";
			projectRoot = "";
			targets = (
				DEDDD2E429D2B74200BBD523 /* FitnessApp */,
			);
		};
/* End PBXProject section */

/* Begin PBXResourcesBuildPhase section */
		DEDDD2E329D2B74200BBD523 /* Resources */ = {
			isa = PBXResourcesBuildPhase;
			buildActionMask = 2147483647;
			files = (
				DEDDD2F029D2B74300BBD523 /* Preview Assets.xcassets in Resources */,
				DEDDD2ED29D2B74300BBD523 /* Assets.xcassets in Resources */,
				DEE3D42C2A0B5B0000C8B273 /* GoogleService-Info.plist in Resources */,
			);
			runOnlyForDeploymentPostprocessing = 0;
		};
/* End PBXResourcesBuildPhase section */

/* Begin PBXSourcesBuildPhase section */
		DEDDD2E129D2B74200BBD523 /* Sources */ = {
			isa = PBXSourcesBuildPhase;
			buildActionMask = 2147483647;
			files = (
				DEDDD2EB29D2B74200BBD523 /* FirstLaunchView.swift in Sources */,
				DEDDD2F729D2B9FB00BBD523 /* HomePageView.swift in Sources */,
				DEDDD2E929D2B74200BBD523 /* FitnessAppApp.swift in Sources */,
				DEADE55829DE63C200AFA659 /* warmUpPageView.swift in Sources */,
			);
			runOnlyForDeploymentPostprocessing = 0;
		};
/* End PBXSourcesBuildPhase section */

/* Begin XCBuildConfiguration section */
		DEDDD2F129D2B74300BBD523 /* Debug */ = {
			isa = XCBuildConfiguration;
			buildSettings = {
				ALWAYS_SEARCH_USER_PATHS = NO;
				CLANG_ANALYZER_NONNULL = YES;
				CLANG_ANALYZER_NUMBER_OBJECT_CONVERSION = YES_AGGRESSIVE;
				CLANG_CXX_LANGUAGE_STANDARD = "gnu++20";
				CLANG_ENABLE_MODULES = YES;
				CLANG_ENABLE_OBJC_ARC = YES;
				CLANG_ENABLE_OBJC_WEAK = YES;
				CLANG_WARN_BLOCK_CAPTURE_AUTORELEASING = YES;
				CLANG_WARN_BOOL_CONVERSION = YES;
				CLANG_WARN_COMMA = YES;
				CLANG_WARN_CONSTANT_CONVERSION = YES;
				CLANG_WARN_DEPRECATED_OBJC_IMPLEMENTATIONS = YES;
				CLANG_WARN_DIRECT_OBJC_ISA_USAGE = YES_ERROR;
				CLANG_WARN_DOCUMENTATION_COMMENTS = YES;
				CLANG_WARN_EMPTY_BODY = YES;
				CLANG_WARN_ENUM_CONVERSION = YES;
				CLANG_WARN_INFINITE_RECURSION = YES;
				CLANG_WARN_INT_CONVERSION = YES;
				CLANG_WARN_NON_LITERAL_NULL_CONVERSION = YES;
				CLANG_WARN_OBJC_IMPLICIT_RETAIN_SELF = YES;
				CLANG_WARN_OBJC_LITERAL_CONVERSION = YES;
				CLANG_WARN_OBJC_ROOT_CLASS = YES_ERROR;
				CLANG_WARN_QUOTED_INCLUDE_IN_FRAMEWORK_HEADER = YES;
				CLANG_WARN_RANGE_LOOP_ANALYSIS = YES;
				CLANG_WARN_STRICT_PROTOTYPES = YES;
				CLANG_WARN_SUSPICIOUS_MOVE = YES;
				CLANG_WARN_UNGUARDED_AVAILABILITY = YES_AGGRESSIVE;
				CLANG_WARN_UNREACHABLE_CODE = YES;
				CLANG_WARN__DUPLICATE_METHOD_MATCH = YES;
				COPY_PHASE_STRIP = NO;
				DEBUG_INFORMATION_FORMAT = dwarf;
				ENABLE_STRICT_OBJC_MSGSEND = YES;
				ENABLE_TESTABILITY = YES;
				GCC_C_LANGUAGE_STANDARD = gnu11;
				GCC_DYNAMIC_NO_PIC = NO;
				GCC_NO_COMMON_BLOCKS = YES;
				GCC_OPTIMIZATION_LEVEL = 0;
				GCC_PREPROCESSOR_DEFINITIONS = (
					"DEBUG=1",
					"$(inherited)",
				);
				GCC_WARN_64_TO_32_BIT_CONVERSION = YES;
				GCC_WARN_ABOUT_RETURN_TYPE = YES_ERROR;
				GCC_WARN_UNDECLARED_SELECTOR = YES;
				GCC_WARN_UNINITIALIZED_AUTOS = YES_AGGRESSIVE;
				GCC_WARN_UNUSED_FUNCTION = YES;
				GCC_WARN_UNUSED_VARIABLE = YES;
				IPHONEOS_DEPLOYMENT_TARGET = 16.2;
				MTL_ENABLE_DEBUG_INFO = INCLUDE_SOURCE;
				MTL_FAST_MATH = YES;
				ONLY_ACTIVE_ARCH = YES;
				SDKROOT = iphoneos;
				SWIFT_ACTIVE_COMPILATION_CONDITIONS = DEBUG;
				SWIFT_OPTIMIZATION_LEVEL = "-Onone";
			};
			name = Debug;
		};
		DEDDD2F229D2B74300BBD523 /* Release */ = {
			isa = XCBuildConfiguration;
			buildSettings = {
				ALWAYS_SEARCH_USER_PATHS = NO;
				CLANG_ANALYZER_NONNULL = YES;
				CLANG_ANALYZER_NUMBER_OBJECT_CONVERSION = YES_AGGRESSIVE;
				CLANG_CXX_LANGUAGE_STANDARD = "gnu++20";
				CLANG_ENABLE_MODULES = YES;
				CLANG_ENABLE_OBJC_ARC = YES;
				CLANG_ENABLE_OBJC_WEAK = YES;
				CLANG_WARN_BLOCK_CAPTURE_AUTORELEASING = YES;
				CLANG_WARN_BOOL_CONVERSION = YES;
				CLANG_WARN_COMMA = YES;
				CLANG_WARN_CONSTANT_CONVERSION = YES;
				CLANG_WARN_DEPRECATED_OBJC_IMPLEMENTATIONS = YES;
				CLANG_WARN_DIRECT_OBJC_ISA_USAGE = YES_ERROR;
				CLANG_WARN_DOCUMENTATION_COMMENTS = YES;
				CLANG_WARN_EMPTY_BODY = YES;
				CLANG_WARN_ENUM_CONVERSION = YES;
				CLANG_WARN_INFINITE_RECURSION = YES;
				CLANG_WARN_INT_CONVERSION = YES;
				CLANG_WARN_NON_LITERAL_NULL_CONVERSION = YES;
				CLANG_WARN_OBJC_IMPLICIT_RETAIN_SELF = YES;
				CLANG_WARN_OBJC_LITERAL_CONVERSION = YES;
				CLANG_WARN_OBJC_ROOT_CLASS = YES_ERROR;
				CLANG_WARN_QUOTED_INCLUDE_IN_FRAMEWORK_HEADER = YES;
				CLANG_WARN_RANGE_LOOP_ANALYSIS = YES;
				CLANG_WARN_STRICT_PROTOTYPES = YES;
				CLANG_WARN_SUSPICIOUS_MOVE = YES;
				CLANG_WARN_UNGUARDED_AVAILABILITY = YES_AGGRESSIVE;
				CLANG_WARN_UNREACHABLE_CODE = YES;
				CLANG_WARN__DUPLICATE_METHOD_MATCH = YES;
				COPY_PHASE_STRIP = NO;
				DEBUG_INFORMATION_FORMAT = "dwarf-with-dsym";
				ENABLE_NS_ASSERTIONS = NO;
				ENABLE_STRICT_OBJC_MSGSEND = YES;
				GCC_C_LANGUAGE_STANDARD = gnu11;
				GCC_NO_COMMON_BLOCKS = YES;
				GCC_WARN_64_TO_32_BIT_CONVERSION = YES;
				GCC_WARN_ABOUT_RETURN_TYPE = YES_ERROR;
				GCC_WARN_UNDECLARED_SELECTOR = YES;
				GCC_WARN_UNINITIALIZED_AUTOS = YES_AGGRESSIVE;
				GCC_WARN_UNUSED_FUNCTION = YES;
				GCC_WARN_UNUSED_VARIABLE = YES;
				IPHONEOS_DEPLOYMENT_TARGET = 16.2;
				MTL_ENABLE_DEBUG_INFO = NO;
				MTL_FAST_MATH = YES;
				SDKROOT = iphoneos;
				SWIFT_COMPILATION_MODE = wholemodule;
				SWIFT_OPTIMIZATION_LEVEL = "-O";
				VALIDATE_PRODUCT = YES;
			};
			name = Release;
		};
		DEDDD2F429D2B74300BBD523 /* Debug */ = {
			isa = XCBuildConfiguration;
			buildSettings = {
				ASSETCATALOG_COMPILER_APPICON_NAME = AppIcon;
				ASSETCATALOG_COMPILER_GLOBAL_ACCENT_COLOR_NAME = AccentColor;
				CODE_SIGN_STYLE = Automatic;
				CURRENT_PROJECT_VERSION = 1;
				DEVELOPMENT_ASSET_PATHS = "\"FitnessApp/Preview Content\"";
				DEVELOPMENT_TEAM = T22LLLY7PY;
				ENABLE_PREVIEWS = YES;
				GENERATE_INFOPLIST_FILE = YES;
				INFOPLIST_KEY_UIApplicationSceneManifest_Generation = YES;
				INFOPLIST_KEY_UIApplicationSupportsIndirectInputEvents = YES;
				INFOPLIST_KEY_UILaunchScreen_Generation = YES;
				INFOPLIST_KEY_UISupportedInterfaceOrientations_iPad = "UIInterfaceOrientationPortrait UIInterfaceOrientationPortraitUpsideDown UIInterfaceOrientationLandscapeLeft UIInterfaceOrientationLandscapeRight";
				INFOPLIST_KEY_UISupportedInterfaceOrientations_iPhone = "UIInterfaceOrientationPortrait UIInterfaceOrientationLandscapeLeft UIInterfaceOrientationLandscapeRight";
				LD_RUNPATH_SEARCH_PATHS = (
					"$(inherited)",
					"@executable_path/Frameworks",
				);
				MARKETING_VERSION = 1.0;
				PRODUCT_BUNDLE_IDENTIFIER = com.signup.FitnessApp;
				PRODUCT_NAME = "$(TARGET_NAME)";
				SWIFT_EMIT_LOC_STRINGS = YES;
				SWIFT_VERSION = 5.0;
				TARGETED_DEVICE_FAMILY = "1,2";
			};
			name = Debug;
		};
		DEDDD2F529D2B74300BBD523 /* Release */ = {
			isa = XCBuildConfiguration;
			buildSettings = {
				ASSETCATALOG_COMPILER_APPICON_NAME = AppIcon;
				ASSETCATALOG_COMPILER_GLOBAL_ACCENT_COLOR_NAME = AccentColor;
				CODE_SIGN_STYLE = Automatic;
				CURRENT_PROJECT_VERSION = 1;
				DEVELOPMENT_ASSET_PATHS = "\"FitnessApp/Preview Content\"";
				DEVELOPMENT_TEAM = T22LLLY7PY;
				ENABLE_PREVIEWS = YES;
				GENERATE_INFOPLIST_FILE = YES;
				INFOPLIST_KEY_UIApplicationSceneManifest_Generation = YES;
				INFOPLIST_KEY_UIApplicationSupportsIndirectInputEvents = YES;
				INFOPLIST_KEY_UILaunchScreen_Generation = YES;
				INFOPLIST_KEY_UISupportedInterfaceOrientations_iPad = "UIInterfaceOrientationPortrait UIInterfaceOrientationPortraitUpsideDown UIInterfaceOrientationLandscapeLeft UIInterfaceOrientationLandscapeRight";
				INFOPLIST_KEY_UISupportedInterfaceOrientations_iPhone = "UIInterfaceOrientationPortrait UIInterfaceOrientationLandscapeLeft UIInterfaceOrientationLandscapeRight";
				LD_RUNPATH_SEARCH_PATHS = (
					"$(inherited)",
					"@executable_path/Frameworks",
				);
				MARKETING_VERSION = 1.0;
				PRODUCT_BUNDLE_IDENTIFIER = com.signup.FitnessApp;
				PRODUCT_NAME = "$(TARGET_NAME)";
				SWIFT_EMIT_LOC_STRINGS = YES;
				SWIFT_VERSION = 5.0;
				TARGETED_DEVICE_FAMILY = "1,2";
			};
			name = Release;
		};
/* End XCBuildConfiguration section */

/* Begin XCConfigurationList section */
		DEDDD2E029D2B74100BBD523 /* Build configuration list for PBXProject "FitnessApp" */ = {
			isa = XCConfigurationList;
			buildConfigurations = (
				DEDDD2F129D2B74300BBD523 /* Debug */,
				DEDDD2F229D2B74300BBD523 /* Release */,
			);
			defaultConfigurationIsVisible = 0;
			defaultConfigurationName = Release;
		};
		DEDDD2F329D2B74300BBD523 /* Build configuration list for PBXNativeTarget "FitnessApp" */ = {
			isa = XCConfigurationList;
			buildConfigurations = (
				DEDDD2F429D2B74300BBD523 /* Debug */,
				DEDDD2F529D2B74300BBD523 /* Release */,
			);
			defaultConfigurationIsVisible = 0;
			defaultConfigurationName = Release;
		};
/* End XCConfigurationList section */

/* Begin XCRemoteSwiftPackageReference section */
		DEE3D4182A0B524300C8B273 /* XCRemoteSwiftPackageReference "firebase-ios-sdk" */ = {
			isa = XCRemoteSwiftPackageReference;
			repositoryURL = "https://github.com/firebase/firebase-ios-sdk";
			requirement = {
				kind = upToNextMajorVersion;
				minimumVersion = 10.0.0;
			};
		};
/* End XCRemoteSwiftPackageReference section */

/* Begin XCSwiftPackageProductDependency section */
		DEE3D4192A0B524400C8B273 /* FirebaseAnalytics */ = {
			isa = XCSwiftPackageProductDependency;
			package = DEE3D4182A0B524300C8B273 /* XCRemoteSwiftPackageReference "firebase-ios-sdk" */;
			productName = FirebaseAnalytics;
		};
		DEE3D41B2A0B524400C8B273 /* FirebaseAuth */ = {
			isa = XCSwiftPackageProductDependency;
			package = DEE3D4182A0B524300C8B273 /* XCRemoteSwiftPackageReference "firebase-ios-sdk" */;
			productName = FirebaseAuth;
		};
		DEE3D41D2A0B524400C8B273 /* FirebaseFirestore */ = {
			isa = XCSwiftPackageProductDependency;
			package = DEE3D4182A0B524300C8B273 /* XCRemoteSwiftPackageReference "firebase-ios-sdk" */;
			productName = FirebaseFirestore;
		};
		DEE3D4222A0B566C00C8B273 /* FirebaseAnalyticsSwift */ = {
			isa = XCSwiftPackageProductDependency;
			package = DEE3D4182A0B524300C8B273 /* XCRemoteSwiftPackageReference "firebase-ios-sdk" */;
			productName = FirebaseAnalyticsSwift;
		};
/* End XCSwiftPackageProductDependency section */
	};
	rootObject = DEDDD2DD29D2B74100BBD523 /* Project object */;
}
